
Microsoft Visual Studio Solution File, Format Version 12.00
# Visual Studio 15
VisualStudioVersion = 15.0.28010.2050
MinimumVisualStudioVersion = 10.0.40219.1
Project("{FAE04EC0-301F-11D3-BF4B-00C04F79EFBC}") = "git_pmp", "git_pmp\git_pmp.csproj", "{6A62C5C3-8C47-4208-8CB2-58B338F2A421}"
EndProject
Global
	GlobalSection(SolutionConfigurationPlatforms) = preSolution
		Debug|Any CPU = Debug|Any CPU
		Release|Any CPU = Release|Any CPU
	EndGlobalSection
	GlobalSection(ProjectConfigurationPlatforms) = postSolution
		{6A62C5C3-8C47-4208-8CB2-58B338F2A421}.Debug|Any CPU.ActiveCfg = Debug|Any CPU
		{6A62C5C3-8C47-4208-8CB2-58B338F2A421}.Debug|Any CPU.Build.0 = Debug|Any CPU
		{6A62C5C3-8C47-4208-8CB2-58B338F2A421}.Release|Any CPU.ActiveCfg = Release|Any CPU
		{6A62C5C3-8C47-4208-8CB2-58B338F2A421}.Release|Any CPU.Build.0 = Release|Any CPU
	EndGlobalSection
	GlobalSection(SolutionProperties) = preSolution
		HideSolutionNode = FALSE
	EndGlobalSection
	GlobalSection(ExtensibilityGlobals) = postSolution
		SolutionGuid = {B2338BFF-452A-455E-9DA4-D804D38F951E}
	EndGlobalSection
EndGlobal
